{
	"name": "tbms-middleware-compose",
	"version": "0.0.1",
	"lockfileVersion": 1,
	"requires": true,
	"dependencies": {
		"@types/jest": {
			"version": "23.3.14",
			"resolved": "http://registry.npm.alibaba-inc.com/@types/jest/download/@types/jest-23.3.14.tgz",
			"integrity": "sha1-N9qveAaeeUhSBHTIe4AJLqkSUgo=",
			"dev": true
		}
	}
}
